
Microsoft Visual Studio Solution File, Format Version 12.00
# Visual Studio Version 16
VisualStudioVersion = 16.0.29230.47
MinimumVisualStudioVersion = 10.0.40219.1
Project("{FAE04EC0-301F-11D3-BF4B-00C04F79EFBC}") = "Class7.Banking.Core", "Class7.Banking.Core\Class7.Banking.Core.csproj", "{EA901A76-78C3-4A44-B9CE-741F7E3E5607}"
EndProject
Project("{FAE04EC0-301F-11D3-BF4B-00C04F79EFBC}") = "Class7.Banking.ConsoleApp", "Class7.Banking.ConsoleApp\Class7.Banking.ConsoleApp.csproj", "{00F2DC57-F55B-4EAD-BA39-D013147C52BB}"
EndProject
Project("{FAE04EC0-301F-11D3-BF4B-00C04F79EFBC}") = "Class7.Banking.TellerUI", "Class7.Banking.TellerUI\Class7.Banking.TellerUI.csproj", "{A68BA00E-E036-4E4E-BB4B-FB8F66F39B7F}"
EndProject
Global
	GlobalSection(SolutionConfigurationPlatforms) = preSolution
		Debug|Any CPU = Debug|Any CPU
		Release|Any CPU = Release|Any CPU
	EndGlobalSection
	GlobalSection(ProjectConfigurationPlatforms) = postSolution
		{EA901A76-78C3-4A44-B9CE-741F7E3E5607}.Debug|Any CPU.ActiveCfg = Debug|Any CPU
		{EA901A76-78C3-4A44-B9CE-741F7E3E5607}.Debug|Any CPU.Build.0 = Debug|Any CPU
		{EA901A76-78C3-4A44-B9CE-741F7E3E5607}.Release|Any CPU.ActiveCfg = Release|Any CPU
		{EA901A76-78C3-4A44-B9CE-741F7E3E5607}.Release|Any CPU.Build.0 = Release|Any CPU
		{00F2DC57-F55B-4EAD-BA39-D013147C52BB}.Debug|Any CPU.ActiveCfg = Debug|Any CPU
		{00F2DC57-F55B-4EAD-BA39-D013147C52BB}.Debug|Any CPU.Build.0 = Debug|Any CPU
		{00F2DC57-F55B-4EAD-BA39-D013147C52BB}.Release|Any CPU.ActiveCfg = Release|Any CPU
		{00F2DC57-F55B-4EAD-BA39-D013147C52BB}.Release|Any CPU.Build.0 = Release|Any CPU
		{A68BA00E-E036-4E4E-BB4B-FB8F66F39B7F}.Debug|Any CPU.ActiveCfg = Debug|Any CPU
		{A68BA00E-E036-4E4E-BB4B-FB8F66F39B7F}.Debug|Any CPU.Build.0 = Debug|Any CPU
		{A68BA00E-E036-4E4E-BB4B-FB8F66F39B7F}.Release|Any CPU.ActiveCfg = Release|Any CPU
		{A68BA00E-E036-4E4E-BB4B-FB8F66F39B7F}.Release|Any CPU.Build.0 = Release|Any CPU
	EndGlobalSection
	GlobalSection(SolutionProperties) = preSolution
		HideSolutionNode = FALSE
	EndGlobalSection
	GlobalSection(ExtensibilityGlobals) = postSolution
		SolutionGuid = {E822D2F0-CCC2-4A98-975A-7E83E048ED1E}
	EndGlobalSection
EndGlobal
